# This file is autogenerated, do not edit; changes may be undone by the next 'dep ensure'.


[[projects]]
  branch = "default"
  name = "bitbucket.org/zombiezen/gopdf"
  packages = ["pdf"]
  revision = "1c63dc69751bc45441c2ce1f56b631c55294b4d5"

[[projects]]
  branch = "master"
  name = "github.com/ajstarks/svgo"
  packages = ["."]
  revision = "644b8db467afccf19a0692a3e31a1868e4287ab8"

[[projects]]
  branch = "master"
  name = "github.com/booherbg/go-galib"
  packages = ["."]
  revision = "0ade68c4d75fa143629db69534c2663409e644eb"

[[projects]]
  branch = "master"
  name = "github.com/cfstras/go-utils"
  packages = ["math"]
  revision = "6c017d6814fd52074a96baf43dee8cbd2514e060"

[[projects]]
  branch = "master"
  name = "github.com/golang/freetype"
  packages = [
    ".",
    "raster",
    "truetype"
  ]
  revision = "e2365dfdc4a05e4b8299a783240d4a7d5a65d4e4"

[[projects]]
  branch = "master"
  name = "github.com/llgcode/draw2d"
  packages = [
    ".",
    "draw2dbase",
    "draw2dimg"
  ]
  revision = "274031cf2abe8acd15c4a911e1f7f1295fc4830c"

[[projects]]
  name = "github.com/mattn/go-runewidth"
  packages = ["."]
  revision = "9e777a8366cce605130a531d2cd6363d07ad7317"
  version = "v0.0.2"

[[projects]]
  branch = "master"
  name = "github.com/nsf/termbox-go"
  packages = ["."]
  revision = "e2050e41c8847748ec5288741c0b19a8cb26d084"

[[projects]]
  branch = "master"
  name = "github.com/shkh/lastfm-go"
  packages = ["lastfm"]
  revision = "125b747251b36e1e4a2f20391d674ff98a09a239"

[[projects]]
  branch = "master"
  name = "github.com/skratchdot/open-golang"
  packages = ["open"]
  revision = "75fb7ed4208cf72d323d7d02fd1a5964a7a9073c"

[[projects]]
  branch = "master"
  name = "golang.org/x/image"
  packages = [
    "draw",
    "font",
    "math/f64",
    "math/fixed",
    "tiff",
    "tiff/lzw"
  ]
  revision = "12117c17ca67ffa1ce22e9409f3b0b0a93ac08c7"

[[projects]]
  branch = "master"
  name = "gonum.org/v1/gonum"
  packages = [
    "blas",
    "blas/blas64",
    "blas/gonum",
    "floats",
    "internal/asm/c128",
    "internal/asm/f32",
    "internal/asm/f64",
    "internal/math32",
    "lapack",
    "lapack/gonum",
    "lapack/lapack64",
    "mat"
  ]
  revision = "c073a4bd2d00f23a602eb425bb32d66fdc1e5ee8"

[[projects]]
  branch = "master"
  name = "gonum.org/v1/plot"
  packages = [
    ".",
    "palette",
    "plotter",
    "plotutil",
    "tools/bezier",
    "vg",
    "vg/draw",
    "vg/fonts",
    "vg/vgeps",
    "vg/vgimg",
    "vg/vgpdf",
    "vg/vgsvg"
  ]
  revision = "d7ef6b5636d553c3ceddc13efb0537027cc6e09e"

[[projects]]
  branch = "v1"
  name = "gopkg.in/check.v1"
  packages = ["."]
  revision = "20d25e2804050c1cd24a7eea1e7a6447dd0e74ec"

[solve-meta]
  analyzer-name = "dep"
  analyzer-version = 1
  inputs-digest = "29693b8f5b4ce57b22520d95be9f8ba564c32f6938ebdd3dcd0dda596a3d21dd"
  solver-name = "gps-cdcl"
  solver-version = 1
